// !$*UTF8*$!
{
	archiveVersion = 1;
	classes = {
	};
	objectVersion = 50;
	objects = {

/* Begin PBXBuildFile section */
		FDA2B10625930C3B005FD040 /* AppDelegate.swift in Sources */ = {isa = PBXBuildFile; fileRef = FDA2B10525930C3B005FD040 /* AppDelegate.swift */; };
		FDA2B10825930C3B005FD040 /* SceneDelegate.swift in Sources */ = {isa = PBXBuildFile; fileRef = FDA2B10725930C3B005FD040 /* SceneDelegate.swift */; };
		FDA2B10D25930C3B005FD040 /* Main.storyboard in Resources */ = {isa = PBXBuildFile; fileRef = FDA2B10B25930C3B005FD040 /* Main.storyboard */; };
		FDA2B10F25930C43005FD040 /* Assets.xcassets in Resources */ = {isa = PBXBuildFile; fileRef = FDA2B10E25930C43005FD040 /* Assets.xcassets */; };
		FDA2B11225930C43005FD040 /* LaunchScreen.storyboard in Resources */ = {isa = PBXBuildFile; fileRef = FDA2B11025930C43005FD040 /* LaunchScreen.storyboard */; };
		FDA2B12025931190005FD040 /* HomeController.swift in Sources */ = {isa = PBXBuildFile; fileRef = FDA2B11F25931190005FD040 /* HomeController.swift */; };
		FDA2B123259314EA005FD040 /* UIView.swift in Sources */ = {isa = PBXBuildFile; fileRef = FDA2B122259314EA005FD040 /* UIView.swift */; };
		FDA2B12525931863005FD040 /* ContentView.swift in Sources */ = {isa = PBXBuildFile; fileRef = FDA2B12425931863005FD040 /* ContentView.swift */; };
		FDA2B12A2594A298005FD040 /* HomeMenu.swift in Sources */ = {isa = PBXBuildFile; fileRef = FDA2B1292594A298005FD040 /* HomeMenu.swift */; };
		FDA2B12C2595DB8D005FD040 /* WeatherController.swift in Sources */ = {isa = PBXBuildFile; fileRef = FDA2B12B2595DB8D005FD040 /* WeatherController.swift */; };
		FDEB5700259CEF6A00269DD9 /* NewsController.swift in Sources */ = {isa = PBXBuildFile; fileRef = FDEB56FF259CEF6A00269DD9 /* NewsController.swift */; };
		FDEB5703259CF05500269DD9 /* BackButton.swift in Sources */ = {isa = PBXBuildFile; fileRef = FDEB5702259CF05500269DD9 /* BackButton.swift */; };
		FDEB5707259CF57800269DD9 /* NewsCell.swift in Sources */ = {isa = PBXBuildFile; fileRef = FDEB5706259CF57800269DD9 /* NewsCell.swift */; };
/* End PBXBuildFile section */

/* Begin PBXFileReference section */
		FDA2B10225930C3B005FD040 /* The Red Planet.app */ = {isa = PBXFileReference; explicitFileType = wrapper.application; includeInIndex = 0; path = "The Red Planet.app"; sourceTree = BUILT_PRODUCTS_DIR; };
		FDA2B10525930C3B005FD040 /* AppDelegate.swift */ = {isa = PBXFileReference; lastKnownFileType = sourcecode.swift; path = AppDelegate.swift; sourceTree = "<group>"; };
		FDA2B10725930C3B005FD040 /* SceneDelegate.swift */ = {isa = PBXFileReference; lastKnownFileType = sourcecode.swift; path = SceneDelegate.swift; sourceTree = "<group>"; };
		FDA2B10C25930C3B005FD040 /* Base */ = {isa = PBXFileReference; lastKnownFileType = file.storyboard; name = Base; path = Base.lproj/Main.storyboard; sourceTree = "<group>"; };
		FDA2B10E25930C43005FD040 /* Assets.xcassets */ = {isa = PBXFileReference; lastKnownFileType = folder.assetcatalog; path = Assets.xcassets; sourceTree = "<group>"; };
		FDA2B11125930C43005FD040 /* Base */ = {isa = PBXFileReference; lastKnownFileType = file.storyboard; name = Base; path = Base.lproj/LaunchScreen.storyboard; sourceTree = "<group>"; };
		FDA2B11325930C43005FD040 /* Info.plist */ = {isa = PBXFileReference; lastKnownFileType = text.plist.xml; path = Info.plist; sourceTree = "<group>"; };
		FDA2B11F25931190005FD040 /* HomeController.swift */ = {isa = PBXFileReference; lastKnownFileType = sourcecode.swift; path = HomeController.swift; sourceTree = "<group>"; };
		FDA2B122259314EA005FD040 /* UIView.swift */ = {isa = PBXFileReference; lastKnownFileType = sourcecode.swift; path = UIView.swift; sourceTree = "<group>"; };
		FDA2B12425931863005FD040 /* ContentView.swift */ = {isa = PBXFileReference; lastKnownFileType = sourcecode.swift; path = ContentView.swift; sourceTree = "<group>"; };
		FDA2B1292594A298005FD040 /* HomeMenu.swift */ = {isa = PBXFileReference; lastKnownFileType = sourcecode.swift; path = HomeMenu.swift; sourceTree = "<group>"; };
		FDA2B12B2595DB8D005FD040 /* WeatherController.swift */ = {isa = PBXFileReference; lastKnownFileType = sourcecode.swift; path = WeatherController.swift; sourceTree = "<group>"; };
		FDEB56FF259CEF6A00269DD9 /* NewsController.swift */ = {isa = PBXFileReference; lastKnownFileType = sourcecode.swift; path = NewsController.swift; sourceTree = "<group>"; };
		FDEB5702259CF05500269DD9 /* BackButton.swift */ = {isa = PBXFileReference; lastKnownFileType = sourcecode.swift; path = BackButton.swift; sourceTree = "<group>"; };
		FDEB5706259CF57800269DD9 /* NewsCell.swift */ = {isa = PBXFileReference; lastKnownFileType = sourcecode.swift; path = NewsCell.swift; sourceTree = "<group>"; };
/* End PBXFileReference section */

/* Begin PBXFrameworksBuildPhase section */
		FDA2B0FF25930C3B005FD040 /* Frameworks */ = {
			isa = PBXFrameworksBuildPhase;
			buildActionMask = 2147483647;
			files = (
			);
			runOnlyForDeploymentPostprocessing = 0;
		};
/* End PBXFrameworksBuildPhase section */

/* Begin PBXGroup section */
		FD74ED1C25971C05005EB5C5 /* Weather */ = {
			isa = PBXGroup;
			children = (
			);
			path = Weather;
			sourceTree = "<group>";
		};
		FDA2B0F925930C3B005FD040 = {
			isa = PBXGroup;
			children = (
				FDA2B10425930C3B005FD040 /* The Red Planet */,
				FDA2B10325930C3B005FD040 /* Products */,
			);
			sourceTree = "<group>";
		};
		FDA2B10325930C3B005FD040 /* Products */ = {
			isa = PBXGroup;
			children = (
				FDA2B10225930C3B005FD040 /* The Red Planet.app */,
			);
			name = Products;
			sourceTree = "<group>";
		};
		FDA2B10425930C3B005FD040 /* The Red Planet */ = {
			isa = PBXGroup;
			children = (
				FDA2B11925931122005FD040 /* Models */,
				FDA2B11A2593112B005FD040 /* Views */,
				FDA2B11C25931133005FD040 /* ViewModels */,
				FDA2B11D25931145005FD040 /* Controllers */,
				FDA2B11B25931130005FD040 /* API */,
				FDA2B11E2593114C005FD040 /* Supporting Files */,
				FDA2B11325930C43005FD040 /* Info.plist */,
			);
			path = "The Red Planet";
			sourceTree = "<group>";
		};
		FDA2B11925931122005FD040 /* Models */ = {
			isa = PBXGroup;
			children = (
			);
			path = Models;
			sourceTree = "<group>";
		};
		FDA2B11A2593112B005FD040 /* Views */ = {
			isa = PBXGroup;
			children = (
				FDEB5701259CF02400269DD9 /* Reusable View */,
				FDA2B1282594A28F005FD040 /* Home */,
				FD74ED1C25971C05005EB5C5 /* Weather */,
				FDEB5704259CF54B00269DD9 /* News */,
			);
			path = Views;
			sourceTree = "<group>";
		};
		FDA2B11B25931130005FD040 /* API */ = {
			isa = PBXGroup;
			children = (
			);
			path = API;
			sourceTree = "<group>";
		};
		FDA2B11C25931133005FD040 /* ViewModels */ = {
			isa = PBXGroup;
			children = (
			);
			path = ViewModels;
			sourceTree = "<group>";
		};
		FDA2B11D25931145005FD040 /* Controllers */ = {
			isa = PBXGroup;
			children = (
				FDA2B11F25931190005FD040 /* HomeController.swift */,
				FDA2B12B2595DB8D005FD040 /* WeatherController.swift */,
				FDEB56FF259CEF6A00269DD9 /* NewsController.swift */,
			);
			path = Controllers;
			sourceTree = "<group>";
		};
		FDA2B11E2593114C005FD040 /* Supporting Files */ = {
			isa = PBXGroup;
			children = (
				FDA2B121259314DE005FD040 /* Extensions */,
				FDA2B10525930C3B005FD040 /* AppDelegate.swift */,
				FDA2B10725930C3B005FD040 /* SceneDelegate.swift */,
				FDA2B10B25930C3B005FD040 /* Main.storyboard */,
				FDA2B11025930C43005FD040 /* LaunchScreen.storyboard */,
				FDA2B10E25930C43005FD040 /* Assets.xcassets */,
			);
			path = "Supporting Files";
			sourceTree = "<group>";
		};
		FDA2B121259314DE005FD040 /* Extensions */ = {
			isa = PBXGroup;
			children = (
				FDA2B122259314EA005FD040 /* UIView.swift */,
				FDA2B12425931863005FD040 /* ContentView.swift */,
			);
			path = Extensions;
			sourceTree = "<group>";
		};
		FDA2B1282594A28F005FD040 /* Home */ = {
			isa = PBXGroup;
			children = (
				FDA2B1292594A298005FD040 /* HomeMenu.swift */,
			);
			path = Home;
			sourceTree = "<group>";
		};
		FDEB5701259CF02400269DD9 /* Reusable View */ = {
			isa = PBXGroup;
			children = (
				FDEB5702259CF05500269DD9 /* BackButton.swift */,
			);
			path = "Reusable View";
			sourceTree = "<group>";
		};
		FDEB5704259CF54B00269DD9 /* News */ = {
			isa = PBXGroup;
			children = (
				FDEB5706259CF57800269DD9 /* NewsCell.swift */,
			);
			path = News;
			sourceTree = "<group>";
		};
/* End PBXGroup section */

/* Begin PBXNativeTarget section */
		FDA2B10125930C3B005FD040 /* The Red Planet */ = {
			isa = PBXNativeTarget;
			buildConfigurationList = FDA2B11625930C43005FD040 /* Build configuration list for PBXNativeTarget "The Red Planet" */;
			buildPhases = (
				FDA2B0FE25930C3B005FD040 /* Sources */,
				FDA2B0FF25930C3B005FD040 /* Frameworks */,
				FDA2B10025930C3B005FD040 /* Resources */,
			);
			buildRules = (
			);
			dependencies = (
			);
			name = "The Red Planet";
			productName = "The Red Planet";
			productReference = FDA2B10225930C3B005FD040 /* The Red Planet.app */;
			productType = "com.apple.product-type.application";
		};
/* End PBXNativeTarget section */

/* Begin PBXProject section */
		FDA2B0FA25930C3B005FD040 /* Project object */ = {
			isa = PBXProject;
			attributes = {
				LastSwiftUpdateCheck = 1140;
				LastUpgradeCheck = 1140;
				ORGANIZATIONNAME = "Dandun Adi";
				TargetAttributes = {
					FDA2B10125930C3B005FD040 = {
						CreatedOnToolsVersion = 11.4.1;
					};
				};
			};
			buildConfigurationList = FDA2B0FD25930C3B005FD040 /* Build configuration list for PBXProject "The Red Planet" */;
			compatibilityVersion = "Xcode 9.3";
			developmentRegion = en;
			hasScannedForEncodings = 0;
			knownRegions = (
				en,
				Base,
			);
			mainGroup = FDA2B0F925930C3B005FD040;
			productRefGroup = FDA2B10325930C3B005FD040 /* Products */;
			projectDirPath = "";
			projectRoot = "";
			targets = (
				FDA2B10125930C3B005FD040 /* The Red Planet */,
			);
		};
/* End PBXProject section */

/* Begin PBXResourcesBuildPhase section */
		FDA2B10025930C3B005FD040 /* Resources */ = {
			isa = PBXResourcesBuildPhase;
			buildActionMask = 2147483647;
			files = (
				FDA2B11225930C43005FD040 /* LaunchScreen.storyboard in Resources */,
				FDA2B10F25930C43005FD040 /* Assets.xcassets in Resources */,
				FDA2B10D25930C3B005FD040 /* Main.storyboard in Resources */,
			);
			runOnlyForDeploymentPostprocessing = 0;
		};
/* End PBXResourcesBuildPhase section */

/* Begin PBXSourcesBuildPhase section */
		FDA2B0FE25930C3B005FD040 /* Sources */ = {
			isa = PBXSourcesBuildPhase;
			buildActionMask = 2147483647;
			files = (
				FDEB5700259CEF6A00269DD9 /* NewsController.swift in Sources */,
				FDA2B123259314EA005FD040 /* UIView.swift in Sources */,
				FDA2B12525931863005FD040 /* ContentView.swift in Sources */,
				FDA2B12A2594A298005FD040 /* HomeMenu.swift in Sources */,
				FDEB5707259CF57800269DD9 /* NewsCell.swift in Sources */,
				FDA2B10625930C3B005FD040 /* AppDelegate.swift in Sources */,
				FDEB5703259CF05500269DD9 /* BackButton.swift in Sources */,
				FDA2B10825930C3B005FD040 /* SceneDelegate.swift in Sources */,
				FDA2B12C2595DB8D005FD040 /* WeatherController.swift in Sources */,
				FDA2B12025931190005FD040 /* HomeController.swift in Sources */,
			);
			runOnlyForDeploymentPostprocessing = 0;
		};
/* End PBXSourcesBuildPhase section */

/* Begin PBXVariantGroup section */
		FDA2B10B25930C3B005FD040 /* Main.storyboard */ = {
			isa = PBXVariantGroup;
			children = (
				FDA2B10C25930C3B005FD040 /* Base */,
			);
			name = Main.storyboard;
			sourceTree = "<group>";
		};
		FDA2B11025930C43005FD040 /* LaunchScreen.storyboard */ = {
			isa = PBXVariantGroup;
			children = (
				FDA2B11125930C43005FD040 /* Base */,
			);
			name = LaunchScreen.storyboard;
			sourceTree = "<group>";
		};
/* End PBXVariantGroup section */

/* Begin XCBuildConfiguration section */
		FDA2B11425930C43005FD040 /* Debug */ = {
			isa = XCBuildConfiguration;
			buildSettings = {
				ALWAYS_SEARCH_USER_PATHS = NO;
				CLANG_ANALYZER_NONNULL = YES;
				CLANG_ANALYZER_NUMBER_OBJECT_CONVERSION = YES_AGGRESSIVE;
				CLANG_CXX_LANGUAGE_STANDARD = "gnu++14";
				CLANG_CXX_LIBRARY = "libc++";
				CLANG_ENABLE_MODULES = YES;
				CLANG_ENABLE_OBJC_ARC = YES;
				CLANG_ENABLE_OBJC_WEAK = YES;
				CLANG_WARN_BLOCK_CAPTURE_AUTORELEASING = YES;
				CLANG_WARN_BOOL_CONVERSION = YES;
				CLANG_WARN_COMMA = YES;
				CLANG_WARN_CONSTANT_CONVERSION = YES;
				CLANG_WARN_DEPRECATED_OBJC_IMPLEMENTATIONS = YES;
				CLANG_WARN_DIRECT_OBJC_ISA_USAGE = YES_ERROR;
				CLANG_WARN_DOCUMENTATION_COMMENTS = YES;
				CLANG_WARN_EMPTY_BODY = YES;
				CLANG_WARN_ENUM_CONVERSION = YES;
				CLANG_WARN_INFINITE_RECURSION = YES;
				CLANG_WARN_INT_CONVERSION = YES;
				CLANG_WARN_NON_LITERAL_NULL_CONVERSION = YES;
				CLANG_WARN_OBJC_IMPLICIT_RETAIN_SELF = YES;
				CLANG_WARN_OBJC_LITERAL_CONVERSION = YES;
				CLANG_WARN_OBJC_ROOT_CLASS = YES_ERROR;
				CLANG_WARN_RANGE_LOOP_ANALYSIS = YES;
				CLANG_WARN_STRICT_PROTOTYPES = YES;
				CLANG_WARN_SUSPICIOUS_MOVE = YES;
				CLANG_WARN_UNGUARDED_AVAILABILITY = YES_AGGRESSIVE;
				CLANG_WARN_UNREACHABLE_CODE = YES;
				CLANG_WARN__DUPLICATE_METHOD_MATCH = YES;
				COPY_PHASE_STRIP = NO;
				DEBUG_INFORMATION_FORMAT = dwarf;
				ENABLE_STRICT_OBJC_MSGSEND = YES;
				ENABLE_TESTABILITY = YES;
				GCC_C_LANGUAGE_STANDARD = gnu11;
				GCC_DYNAMIC_NO_PIC = NO;
				GCC_NO_COMMON_BLOCKS = YES;
				GCC_OPTIMIZATION_LEVEL = 0;
				GCC_PREPROCESSOR_DEFINITIONS = (
					"DEBUG=1",
					"$(inherited)",
				);
				GCC_WARN_64_TO_32_BIT_CONVERSION = YES;
				GCC_WARN_ABOUT_RETURN_TYPE = YES_ERROR;
				GCC_WARN_UNDECLARED_SELECTOR = YES;
				GCC_WARN_UNINITIALIZED_AUTOS = YES_AGGRESSIVE;
				GCC_WARN_UNUSED_FUNCTION = YES;
				GCC_WARN_UNUSED_VARIABLE = YES;
				IPHONEOS_DEPLOYMENT_TARGET = 13.4;
				MTL_ENABLE_DEBUG_INFO = INCLUDE_SOURCE;
				MTL_FAST_MATH = YES;
				ONLY_ACTIVE_ARCH = YES;
				SDKROOT = iphoneos;
				SWIFT_ACTIVE_COMPILATION_CONDITIONS = DEBUG;
				SWIFT_OPTIMIZATION_LEVEL = "-Onone";
			};
			name = Debug;
		};
		FDA2B11525930C43005FD040 /* Release */ = {
			isa = XCBuildConfiguration;
			buildSettings = {
				ALWAYS_SEARCH_USER_PATHS = NO;
				CLANG_ANALYZER_NONNULL = YES;
				CLANG_ANALYZER_NUMBER_OBJECT_CONVERSION = YES_AGGRESSIVE;
				CLANG_CXX_LANGUAGE_STANDARD = "gnu++14";
				CLANG_CXX_LIBRARY = "libc++";
				CLANG_ENABLE_MODULES = YES;
				CLANG_ENABLE_OBJC_ARC = YES;
				CLANG_ENABLE_OBJC_WEAK = YES;
				CLANG_WARN_BLOCK_CAPTURE_AUTORELEASING = YES;
				CLANG_WARN_BOOL_CONVERSION = YES;
				CLANG_WARN_COMMA = YES;
				CLANG_WARN_CONSTANT_CONVERSION = YES;
				CLANG_WARN_DEPRECATED_OBJC_IMPLEMENTATIONS = YES;
				CLANG_WARN_DIRECT_OBJC_ISA_USAGE = YES_ERROR;
				CLANG_WARN_DOCUMENTATION_COMMENTS = YES;
				CLANG_WARN_EMPTY_BODY = YES;
				CLANG_WARN_ENUM_CONVERSION = YES;
				CLANG_WARN_INFINITE_RECURSION = YES;
				CLANG_WARN_INT_CONVERSION = YES;
				CLANG_WARN_NON_LITERAL_NULL_CONVERSION = YES;
				CLANG_WARN_OBJC_IMPLICIT_RETAIN_SELF = YES;
				CLANG_WARN_OBJC_LITERAL_CONVERSION = YES;
				CLANG_WARN_OBJC_ROOT_CLASS = YES_ERROR;
				CLANG_WARN_RANGE_LOOP_ANALYSIS = YES;
				CLANG_WARN_STRICT_PROTOTYPES = YES;
				CLANG_WARN_SUSPICIOUS_MOVE = YES;
				CLANG_WARN_UNGUARDED_AVAILABILITY = YES_AGGRESSIVE;
				CLANG_WARN_UNREACHABLE_CODE = YES;
				CLANG_WARN__DUPLICATE_METHOD_MATCH = YES;
				COPY_PHASE_STRIP = NO;
				DEBUG_INFORMATION_FORMAT = "dwarf-with-dsym";
				ENABLE_NS_ASSERTIONS = NO;
				ENABLE_STRICT_OBJC_MSGSEND = YES;
				GCC_C_LANGUAGE_STANDARD = gnu11;
				GCC_NO_COMMON_BLOCKS = YES;
				GCC_WARN_64_TO_32_BIT_CONVERSION = YES;
				GCC_WARN_ABOUT_RETURN_TYPE = YES_ERROR;
				GCC_WARN_UNDECLARED_SELECTOR = YES;
				GCC_WARN_UNINITIALIZED_AUTOS = YES_AGGRESSIVE;
				GCC_WARN_UNUSED_FUNCTION = YES;
				GCC_WARN_UNUSED_VARIABLE = YES;
				IPHONEOS_DEPLOYMENT_TARGET = 13.4;
				MTL_ENABLE_DEBUG_INFO = NO;
				MTL_FAST_MATH = YES;
				SDKROOT = iphoneos;
				SWIFT_COMPILATION_MODE = wholemodule;
				SWIFT_OPTIMIZATION_LEVEL = "-O";
				VALIDATE_PRODUCT = YES;
			};
			name = Release;
		};
		FDA2B11725930C43005FD040 /* Debug */ = {
			isa = XCBuildConfiguration;
			buildSettings = {
				ASSETCATALOG_COMPILER_APPICON_NAME = AppIcon;
				CODE_SIGN_STYLE = Automatic;
				DEVELOPMENT_TEAM = 456X7YS5BB;
				INFOPLIST_FILE = "The Red Planet/Info.plist";
				LD_RUNPATH_SEARCH_PATHS = (
					"$(inherited)",
					"@executable_path/Frameworks",
				);
				PRODUCT_BUNDLE_IDENTIFIER = "com.dandunadi.The-Red-Planet";
				PRODUCT_NAME = "$(TARGET_NAME)";
				SWIFT_VERSION = 5.0;
				TARGETED_DEVICE_FAMILY = "1,2";
			};
			name = Debug;
		};
		FDA2B11825930C43005FD040 /* Release */ = {
			isa = XCBuildConfiguration;
			buildSettings = {
				ASSETCATALOG_COMPILER_APPICON_NAME = AppIcon;
				CODE_SIGN_STYLE = Automatic;
				DEVELOPMENT_TEAM = 456X7YS5BB;
				INFOPLIST_FILE = "The Red Planet/Info.plist";
				LD_RUNPATH_SEARCH_PATHS = (
					"$(inherited)",
					"@executable_path/Frameworks",
				);
				PRODUCT_BUNDLE_IDENTIFIER = "com.dandunadi.The-Red-Planet";
				PRODUCT_NAME = "$(TARGET_NAME)";
				SWIFT_VERSION = 5.0;
				TARGETED_DEVICE_FAMILY = "1,2";
			};
			name = Release;
		};
/* End XCBuildConfiguration section */

/* Begin XCConfigurationList section */
		FDA2B0FD25930C3B005FD040 /* Build configuration list for PBXProject "The Red Planet" */ = {
			isa = XCConfigurationList;
			buildConfigurations = (
				FDA2B11425930C43005FD040 /* Debug */,
				FDA2B11525930C43005FD040 /* Release */,
			);
			defaultConfigurationIsVisible = 0;
			defaultConfigurationName = Release;
		};
		FDA2B11625930C43005FD040 /* Build configuration list for PBXNativeTarget "The Red Planet" */ = {
			isa = XCConfigurationList;
			buildConfigurations = (
				FDA2B11725930C43005FD040 /* Debug */,
				FDA2B11825930C43005FD040 /* Release */,
			);
			defaultConfigurationIsVisible = 0;
			defaultConfigurationName = Release;
		};
/* End XCConfigurationList section */
	};
	rootObject = FDA2B0FA25930C3B005FD040 /* Project object */;
}
